
Microsoft Visual Studio Solution File, Format Version 12.00
# Visual Studio 15
VisualStudioVersion = 15.0.26730.12
MinimumVisualStudioVersion = 10.0.40219.1
Project("{FAE04EC0-301F-11D3-BF4B-00C04F79EFBC}") = "VisualSimulatorController", "VisualSimulatorController\VisualSimulatorController.csproj", "{EE2A6CB4-124E-4AB8-9411-973BC8F223A2}"
EndProject
Project("{FAE04EC0-301F-11D3-BF4B-00C04F79EFBC}") = "SimulatorDelegate", "SimulatorDelegate\SimulatorDelegate.csproj", "{555A16CB-2F7E-4222-9748-B777271B7754}"
EndProject
Project("{FAE04EC0-301F-11D3-BF4B-00C04F79EFBC}") = "VisualSimulator", "VisualSimulator\VisualSimulator.csproj", "{6EE905DD-4DCE-4BD7-BB05-6021A5E40966}"
EndProject
Global
	GlobalSection(SolutionConfigurationPlatforms) = preSolution
		Debug|Any CPU = Debug|Any CPU
		Debug|x86 = Debug|x86
		Release|Any CPU = Release|Any CPU
		Release|x86 = Release|x86
	EndGlobalSection
	GlobalSection(ProjectConfigurationPlatforms) = postSolution
		{EE2A6CB4-124E-4AB8-9411-973BC8F223A2}.Debug|Any CPU.ActiveCfg = Debug|Any CPU
		{EE2A6CB4-124E-4AB8-9411-973BC8F223A2}.Debug|Any CPU.Build.0 = Debug|Any CPU
		{EE2A6CB4-124E-4AB8-9411-973BC8F223A2}.Debug|x86.ActiveCfg = Debug|Any CPU
		{EE2A6CB4-124E-4AB8-9411-973BC8F223A2}.Debug|x86.Build.0 = Debug|Any CPU
		{EE2A6CB4-124E-4AB8-9411-973BC8F223A2}.Release|Any CPU.ActiveCfg = Release|Any CPU
		{EE2A6CB4-124E-4AB8-9411-973BC8F223A2}.Release|Any CPU.Build.0 = Release|Any CPU
		{EE2A6CB4-124E-4AB8-9411-973BC8F223A2}.Release|x86.ActiveCfg = Release|Any CPU
		{EE2A6CB4-124E-4AB8-9411-973BC8F223A2}.Release|x86.Build.0 = Release|Any CPU
		{555A16CB-2F7E-4222-9748-B777271B7754}.Debug|Any CPU.ActiveCfg = Debug|Any CPU
		{555A16CB-2F7E-4222-9748-B777271B7754}.Debug|Any CPU.Build.0 = Debug|Any CPU
		{555A16CB-2F7E-4222-9748-B777271B7754}.Debug|x86.ActiveCfg = Debug|Any CPU
		{555A16CB-2F7E-4222-9748-B777271B7754}.Debug|x86.Build.0 = Debug|Any CPU
		{555A16CB-2F7E-4222-9748-B777271B7754}.Release|Any CPU.ActiveCfg = Release|Any CPU
		{555A16CB-2F7E-4222-9748-B777271B7754}.Release|Any CPU.Build.0 = Release|Any CPU
		{555A16CB-2F7E-4222-9748-B777271B7754}.Release|x86.ActiveCfg = Release|Any CPU
		{555A16CB-2F7E-4222-9748-B777271B7754}.Release|x86.Build.0 = Release|Any CPU
		{6EE905DD-4DCE-4BD7-BB05-6021A5E40966}.Debug|Any CPU.ActiveCfg = Debug|Any CPU
		{6EE905DD-4DCE-4BD7-BB05-6021A5E40966}.Debug|Any CPU.Build.0 = Debug|Any CPU
		{6EE905DD-4DCE-4BD7-BB05-6021A5E40966}.Debug|x86.ActiveCfg = Debug|Any CPU
		{6EE905DD-4DCE-4BD7-BB05-6021A5E40966}.Debug|x86.Build.0 = Debug|Any CPU
		{6EE905DD-4DCE-4BD7-BB05-6021A5E40966}.Release|Any CPU.ActiveCfg = Release|Any CPU
		{6EE905DD-4DCE-4BD7-BB05-6021A5E40966}.Release|Any CPU.Build.0 = Release|Any CPU
		{6EE905DD-4DCE-4BD7-BB05-6021A5E40966}.Release|x86.ActiveCfg = Release|Any CPU
		{6EE905DD-4DCE-4BD7-BB05-6021A5E40966}.Release|x86.Build.0 = Release|Any CPU
	EndGlobalSection
	GlobalSection(SolutionProperties) = preSolution
		HideSolutionNode = FALSE
	EndGlobalSection
	GlobalSection(ExtensibilityGlobals) = postSolution
		SolutionGuid = {020D03EB-6B46-49D8-95DF-1281E6D78768}
	EndGlobalSection
EndGlobal
